
Microsoft Visual Studio Solution File, Format Version 12.00
# Visual Studio Version 16
VisualStudioVersion = 16.0.31205.134
MinimumVisualStudioVersion = 10.0.40219.1
Project("{FAE04EC0-301F-11D3-BF4B-00C04F79EFBC}") = "FS.Core", "FS.Core\FS.Core.csproj", "{B1365538-0007-4772-8891-733C32871A09}"
EndProject
Project("{FAE04EC0-301F-11D3-BF4B-00C04F79EFBC}") = "FS.Infrastructure", "FS.Infrastructure\FS.Infrastructure.csproj", "{5A7ABC2E-2534-4345-996B-5B343D3EBC5A}"
EndProject
Project("{FAE04EC0-301F-11D3-BF4B-00C04F79EFBC}") = "FS.API", "FS.API\FS.API.csproj", "{7A30F017-DFED-4779-98B8-3EEAA51600A5}"
EndProject
Global
	GlobalSection(SolutionConfigurationPlatforms) = preSolution
		Debug|Any CPU = Debug|Any CPU
		Release|Any CPU = Release|Any CPU
	EndGlobalSection
	GlobalSection(ProjectConfigurationPlatforms) = postSolution
		{B1365538-0007-4772-8891-733C32871A09}.Debug|Any CPU.ActiveCfg = Debug|Any CPU
		{B1365538-0007-4772-8891-733C32871A09}.Debug|Any CPU.Build.0 = Debug|Any CPU
		{B1365538-0007-4772-8891-733C32871A09}.Release|Any CPU.ActiveCfg = Release|Any CPU
		{B1365538-0007-4772-8891-733C32871A09}.Release|Any CPU.Build.0 = Release|Any CPU
		{5A7ABC2E-2534-4345-996B-5B343D3EBC5A}.Debug|Any CPU.ActiveCfg = Debug|Any CPU
		{5A7ABC2E-2534-4345-996B-5B343D3EBC5A}.Debug|Any CPU.Build.0 = Debug|Any CPU
		{5A7ABC2E-2534-4345-996B-5B343D3EBC5A}.Release|Any CPU.ActiveCfg = Release|Any CPU
		{5A7ABC2E-2534-4345-996B-5B343D3EBC5A}.Release|Any CPU.Build.0 = Release|Any CPU
		{7A30F017-DFED-4779-98B8-3EEAA51600A5}.Debug|Any CPU.ActiveCfg = Debug|Any CPU
		{7A30F017-DFED-4779-98B8-3EEAA51600A5}.Debug|Any CPU.Build.0 = Debug|Any CPU
		{7A30F017-DFED-4779-98B8-3EEAA51600A5}.Release|Any CPU.ActiveCfg = Release|Any CPU
		{7A30F017-DFED-4779-98B8-3EEAA51600A5}.Release|Any CPU.Build.0 = Release|Any CPU
	EndGlobalSection
	GlobalSection(SolutionProperties) = preSolution
		HideSolutionNode = FALSE
	EndGlobalSection
	GlobalSection(ExtensibilityGlobals) = postSolution
		SolutionGuid = {C92B9853-34D8-4ECA-B6C8-D6724DFBBBD3}
	EndGlobalSection
EndGlobal
